// !$*UTF8*$!
{
	archiveVersion = 1;
	classes = {
	};
	objectVersion = 46;
	objects = {

/* Begin PBXBuildFile section */
		A5673FDB1A5292BB00E1436E /* main.m in Sources */ = {isa = PBXBuildFile; fileRef = A5673FDA1A5292BB00E1436E /* main.m */; };
		A5673FDE1A5292BB00E1436E /* CardGameAppDelegate.m in Sources */ = {isa = PBXBuildFile; fileRef = A5673FDD1A5292BB00E1436E /* CardGameAppDelegate.m */; };
		A5673FE11A5292BB00E1436E /* CardGameViewController.m in Sources */ = {isa = PBXBuildFile; fileRef = A5673FE01A5292BB00E1436E /* CardGameViewController.m */; };
		A5673FE41A5292BB00E1436E /* Main.storyboard in Resources */ = {isa = PBXBuildFile; fileRef = A5673FE21A5292BB00E1436E /* Main.storyboard */; };
		A5673FE61A5292BB00E1436E /* Images.xcassets in Resources */ = {isa = PBXBuildFile; fileRef = A5673FE51A5292BB00E1436E /* Images.xcassets */; };
		A5673FE91A5292BB00E1436E /* LaunchScreen.xib in Resources */ = {isa = PBXBuildFile; fileRef = A5673FE71A5292BB00E1436E /* LaunchScreen.xib */; };
		A5673FF51A5292BB00E1436E /* MatchismoTests.m in Sources */ = {isa = PBXBuildFile; fileRef = A5673FF41A5292BB00E1436E /* MatchismoTests.m */; };
		A56740001A52A81600E1436E /* Card.m in Sources */ = {isa = PBXBuildFile; fileRef = A5673FFF1A52A81600E1436E /* Card.m */; };
		A56740041A52A96100E1436E /* PlayingCard.m in Sources */ = {isa = PBXBuildFile; fileRef = A56740031A52A96100E1436E /* PlayingCard.m */; };
		A56740071A5357E900E1436E /* Deck.m in Sources */ = {isa = PBXBuildFile; fileRef = A56740061A5357E900E1436E /* Deck.m */; };
		A567400A1A535AEE00E1436E /* PlayingCardDeck.m in Sources */ = {isa = PBXBuildFile; fileRef = A56740091A535AEE00E1436E /* PlayingCardDeck.m */; };
/* End PBXBuildFile section */

/* Begin PBXContainerItemProxy section */
		A5673FEF1A5292BB00E1436E /* PBXContainerItemProxy */ = {
			isa = PBXContainerItemProxy;
			containerPortal = A5673FCD1A5292BB00E1436E /* Project object */;
			proxyType = 1;
			remoteGlobalIDString = A5673FD41A5292BB00E1436E;
			remoteInfo = Matchismo;
		};
/* End PBXContainerItemProxy section */

/* Begin PBXFileReference section */
		A5673FD51A5292BB00E1436E /* Matchismo.app */ = {isa = PBXFileReference; explicitFileType = wrapper.application; includeInIndex = 0; path = Matchismo.app; sourceTree = BUILT_PRODUCTS_DIR; };
		A5673FD91A5292BB00E1436E /* Info.plist */ = {isa = PBXFileReference; lastKnownFileType = text.plist.xml; path = Info.plist; sourceTree = "<group>"; };
		A5673FDA1A5292BB00E1436E /* main.m */ = {isa = PBXFileReference; lastKnownFileType = sourcecode.c.objc; path = main.m; sourceTree = "<group>"; };
		A5673FDC1A5292BB00E1436E /* CardGameAppDelegate.h */ = {isa = PBXFileReference; lastKnownFileType = sourcecode.c.h; path = CardGameAppDelegate.h; sourceTree = "<group>"; };
		A5673FDD1A5292BB00E1436E /* CardGameAppDelegate.m */ = {isa = PBXFileReference; lastKnownFileType = sourcecode.c.objc; path = CardGameAppDelegate.m; sourceTree = "<group>"; };
		A5673FDF1A5292BB00E1436E /* CardGameViewController.h */ = {isa = PBXFileReference; lastKnownFileType = sourcecode.c.h; path = CardGameViewController.h; sourceTree = "<group>"; };
		A5673FE01A5292BB00E1436E /* CardGameViewController.m */ = {isa = PBXFileReference; lastKnownFileType = sourcecode.c.objc; path = CardGameViewController.m; sourceTree = "<group>"; };
		A5673FE31A5292BB00E1436E /* Base */ = {isa = PBXFileReference; lastKnownFileType = file.storyboard; name = Base; path = Base.lproj/Main.storyboard; sourceTree = "<group>"; };
		A5673FE51A5292BB00E1436E /* Images.xcassets */ = {isa = PBXFileReference; lastKnownFileType = folder.assetcatalog; path = Images.xcassets; sourceTree = "<group>"; };
		A5673FE81A5292BB00E1436E /* Base */ = {isa = PBXFileReference; lastKnownFileType = file.xib; name = Base; path = Base.lproj/LaunchScreen.xib; sourceTree = "<group>"; };
		A5673FEE1A5292BB00E1436E /* MatchismoTests.xctest */ = {isa = PBXFileReference; explicitFileType = wrapper.cfbundle; includeInIndex = 0; path = MatchismoTests.xctest; sourceTree = BUILT_PRODUCTS_DIR; };
		A5673FF31A5292BB00E1436E /* Info.plist */ = {isa = PBXFileReference; lastKnownFileType = text.plist.xml; path = Info.plist; sourceTree = "<group>"; };
		A5673FF41A5292BB00E1436E /* MatchismoTests.m */ = {isa = PBXFileReference; lastKnownFileType = sourcecode.c.objc; path = MatchismoTests.m; sourceTree = "<group>"; };
		A5673FFE1A52A81600E1436E /* Card.h */ = {isa = PBXFileReference; fileEncoding = 4; lastKnownFileType = sourcecode.c.h; name = Card.h; path = Model/Card.h; sourceTree = "<group>"; };
		A5673FFF1A52A81600E1436E /* Card.m */ = {isa = PBXFileReference; fileEncoding = 4; lastKnownFileType = sourcecode.c.objc; name = Card.m; path = Model/Card.m; sourceTree = "<group>"; };
		A56740021A52A96100E1436E /* PlayingCard.h */ = {isa = PBXFileReference; fileEncoding = 4; lastKnownFileType = sourcecode.c.h; name = PlayingCard.h; path = Model/PlayingCard.h; sourceTree = "<group>"; };
		A56740031A52A96100E1436E /* PlayingCard.m */ = {isa = PBXFileReference; fileEncoding = 4; lastKnownFileType = sourcecode.c.objc; name = PlayingCard.m; path = Model/PlayingCard.m; sourceTree = "<group>"; };
		A56740051A5357E800E1436E /* Deck.h */ = {isa = PBXFileReference; fileEncoding = 4; lastKnownFileType = sourcecode.c.h; name = Deck.h; path = Model/Deck.h; sourceTree = "<group>"; };
		A56740061A5357E900E1436E /* Deck.m */ = {isa = PBXFileReference; fileEncoding = 4; lastKnownFileType = sourcecode.c.objc; name = Deck.m; path = Model/Deck.m; sourceTree = "<group>"; };
		A56740081A535AEE00E1436E /* PlayingCardDeck.h */ = {isa = PBXFileReference; fileEncoding = 4; lastKnownFileType = sourcecode.c.h; name = PlayingCardDeck.h; path = Model/PlayingCardDeck.h; sourceTree = "<group>"; };
		A56740091A535AEE00E1436E /* PlayingCardDeck.m */ = {isa = PBXFileReference; fileEncoding = 4; lastKnownFileType = sourcecode.c.objc; name = PlayingCardDeck.m; path = Model/PlayingCardDeck.m; sourceTree = "<group>"; };
/* End PBXFileReference section */

/* Begin PBXFrameworksBuildPhase section */
		A5673FD21A5292BB00E1436E /* Frameworks */ = {
			isa = PBXFrameworksBuildPhase;
			buildActionMask = 2147483647;
			files = (
			);
			runOnlyForDeploymentPostprocessing = 0;
		};
		A5673FEB1A5292BB00E1436E /* Frameworks */ = {
			isa = PBXFrameworksBuildPhase;
			buildActionMask = 2147483647;
			files = (
			);
			runOnlyForDeploymentPostprocessing = 0;
		};
/* End PBXFrameworksBuildPhase section */

/* Begin PBXGroup section */
		A5673FCC1A5292BB00E1436E = {
			isa = PBXGroup;
			children = (
				A5673FD71A5292BB00E1436E /* Matchismo */,
				A5673FF11A5292BB00E1436E /* MatchismoTests */,
				A5673FD61A5292BB00E1436E /* Products */,
			);
			sourceTree = "<group>";
		};
		A5673FD61A5292BB00E1436E /* Products */ = {
			isa = PBXGroup;
			children = (
				A5673FD51A5292BB00E1436E /* Matchismo.app */,
				A5673FEE1A5292BB00E1436E /* MatchismoTests.xctest */,
			);
			name = Products;
			sourceTree = "<group>";
		};
		A5673FD71A5292BB00E1436E /* Matchismo */ = {
			isa = PBXGroup;
			children = (
				A5673FE21A5292BB00E1436E /* Main.storyboard */,
				A5673FDF1A5292BB00E1436E /* CardGameViewController.h */,
				A5673FE01A5292BB00E1436E /* CardGameViewController.m */,
				A56740011A52A82200E1436E /* Model */,
				A5673FE51A5292BB00E1436E /* Images.xcassets */,
				A5673FE71A5292BB00E1436E /* LaunchScreen.xib */,
				A5673FD81A5292BB00E1436E /* Supporting Files */,
			);
			path = Matchismo;
			sourceTree = "<group>";
		};
		A5673FD81A5292BB00E1436E /* Supporting Files */ = {
			isa = PBXGroup;
			children = (
				A5673FDC1A5292BB00E1436E /* CardGameAppDelegate.h */,
				A5673FDD1A5292BB00E1436E /* CardGameAppDelegate.m */,
				A5673FD91A5292BB00E1436E /* Info.plist */,
				A5673FDA1A5292BB00E1436E /* main.m */,
			);
			name = "Supporting Files";
			sourceTree = "<group>";
		};
		A5673FF11A5292BB00E1436E /* MatchismoTests */ = {
			isa = PBXGroup;
			children = (
				A5673FF41A5292BB00E1436E /* MatchismoTests.m */,
				A5673FF21A5292BB00E1436E /* Supporting Files */,
			);
			path = MatchismoTests;
			sourceTree = "<group>";
		};
		A5673FF21A5292BB00E1436E /* Supporting Files */ = {
			isa = PBXGroup;
			children = (
				A5673FF31A5292BB00E1436E /* Info.plist */,
			);
			name = "Supporting Files";
			sourceTree = "<group>";
		};
		A56740011A52A82200E1436E /* Model */ = {
			isa = PBXGroup;
			children = (
				A5673FFE1A52A81600E1436E /* Card.h */,
				A5673FFF1A52A81600E1436E /* Card.m */,
				A56740051A5357E800E1436E /* Deck.h */,
				A56740061A5357E900E1436E /* Deck.m */,
				A56740021A52A96100E1436E /* PlayingCard.h */,
				A56740031A52A96100E1436E /* PlayingCard.m */,
				A56740081A535AEE00E1436E /* PlayingCardDeck.h */,
				A56740091A535AEE00E1436E /* PlayingCardDeck.m */,
			);
			name = Model;
			sourceTree = "<group>";
		};
/* End PBXGroup section */

/* Begin PBXNativeTarget section */
		A5673FD41A5292BB00E1436E /* Matchismo */ = {
			isa = PBXNativeTarget;
			buildConfigurationList = A5673FF81A5292BB00E1436E /* Build configuration list for PBXNativeTarget "Matchismo" */;
			buildPhases = (
				A5673FD11A5292BB00E1436E /* Sources */,
				A5673FD21A5292BB00E1436E /* Frameworks */,
				A5673FD31A5292BB00E1436E /* Resources */,
			);
			buildRules = (
			);
			dependencies = (
			);
			name = Matchismo;
			productName = Matchismo;
			productReference = A5673FD51A5292BB00E1436E /* Matchismo.app */;
			productType = "com.apple.product-type.application";
		};
		A5673FED1A5292BB00E1436E /* MatchismoTests */ = {
			isa = PBXNativeTarget;
			buildConfigurationList = A5673FFB1A5292BB00E1436E /* Build configuration list for PBXNativeTarget "MatchismoTests" */;
			buildPhases = (
				A5673FEA1A5292BB00E1436E /* Sources */,
				A5673FEB1A5292BB00E1436E /* Frameworks */,
				A5673FEC1A5292BB00E1436E /* Resources */,
			);
			buildRules = (
			);
			dependencies = (
				A5673FF01A5292BB00E1436E /* PBXTargetDependency */,
			);
			name = MatchismoTests;
			productName = MatchismoTests;
			productReference = A5673FEE1A5292BB00E1436E /* MatchismoTests.xctest */;
			productType = "com.apple.product-type.bundle.unit-test";
		};
/* End PBXNativeTarget section */

/* Begin PBXProject section */
		A5673FCD1A5292BB00E1436E /* Project object */ = {
			isa = PBXProject;
			attributes = {
				CLASSPREFIX = CardGame;
				LastUpgradeCheck = 0610;
				ORGANIZATIONNAME = "Red Ronin";
				TargetAttributes = {
					A5673FD41A5292BB00E1436E = {
						CreatedOnToolsVersion = 6.1.1;
					};
					A5673FED1A5292BB00E1436E = {
						CreatedOnToolsVersion = 6.1.1;
						TestTargetID = A5673FD41A5292BB00E1436E;
					};
				};
			};
			buildConfigurationList = A5673FD01A5292BB00E1436E /* Build configuration list for PBXProject "Matchismo" */;
			compatibilityVersion = "Xcode 3.2";
			developmentRegion = English;
			hasScannedForEncodings = 0;
			knownRegions = (
				en,
				Base,
			);
			mainGroup = A5673FCC1A5292BB00E1436E;
			productRefGroup = A5673FD61A5292BB00E1436E /* Products */;
			projectDirPath = "";
			projectRoot = "";
			targets = (
				A5673FD41A5292BB00E1436E /* Matchismo */,
				A5673FED1A5292BB00E1436E /* MatchismoTests */,
			);
		};
/* End PBXProject section */

/* Begin PBXResourcesBuildPhase section */
		A5673FD31A5292BB00E1436E /* Resources */ = {
			isa = PBXResourcesBuildPhase;
			buildActionMask = 2147483647;
			files = (
				A5673FE41A5292BB00E1436E /* Main.storyboard in Resources */,
				A5673FE91A5292BB00E1436E /* LaunchScreen.xib in Resources */,
				A5673FE61A5292BB00E1436E /* Images.xcassets in Resources */,
			);
			runOnlyForDeploymentPostprocessing = 0;
		};
		A5673FEC1A5292BB00E1436E /* Resources */ = {
			isa = PBXResourcesBuildPhase;
			buildActionMask = 2147483647;
			files = (
			);
			runOnlyForDeploymentPostprocessing = 0;
		};
/* End PBXResourcesBuildPhase section */

/* Begin PBXSourcesBuildPhase section */
		A5673FD11A5292BB00E1436E /* Sources */ = {
			isa = PBXSourcesBuildPhase;
			buildActionMask = 2147483647;
			files = (
				A5673FE11A5292BB00E1436E /* CardGameViewController.m in Sources */,
				A5673FDE1A5292BB00E1436E /* CardGameAppDelegate.m in Sources */,
				A5673FDB1A5292BB00E1436E /* main.m in Sources */,
				A56740041A52A96100E1436E /* PlayingCard.m in Sources */,
				A567400A1A535AEE00E1436E /* PlayingCardDeck.m in Sources */,
				A56740071A5357E900E1436E /* Deck.m in Sources */,
				A56740001A52A81600E1436E /* Card.m in Sources */,
			);
			runOnlyForDeploymentPostprocessing = 0;
		};
		A5673FEA1A5292BB00E1436E /* Sources */ = {
			isa = PBXSourcesBuildPhase;
			buildActionMask = 2147483647;
			files = (
				A5673FF51A5292BB00E1436E /* MatchismoTests.m in Sources */,
			);
			runOnlyForDeploymentPostprocessing = 0;
		};
/* End PBXSourcesBuildPhase section */

/* Begin PBXTargetDependency section */
		A5673FF01A5292BB00E1436E /* PBXTargetDependency */ = {
			isa = PBXTargetDependency;
			target = A5673FD41A5292BB00E1436E /* Matchismo */;
			targetProxy = A5673FEF1A5292BB00E1436E /* PBXContainerItemProxy */;
		};
/* End PBXTargetDependency section */

/* Begin PBXVariantGroup section */
		A5673FE21A5292BB00E1436E /* Main.storyboard */ = {
			isa = PBXVariantGroup;
			children = (
				A5673FE31A5292BB00E1436E /* Base */,
			);
			name = Main.storyboard;
			sourceTree = "<group>";
		};
		A5673FE71A5292BB00E1436E /* LaunchScreen.xib */ = {
			isa = PBXVariantGroup;
			children = (
				A5673FE81A5292BB00E1436E /* Base */,
			);
			name = LaunchScreen.xib;
			sourceTree = "<group>";
		};
/* End PBXVariantGroup section */

/* Begin XCBuildConfiguration section */
		A5673FF61A5292BB00E1436E /* Debug */ = {
			isa = XCBuildConfiguration;
			buildSettings = {
				ALWAYS_SEARCH_USER_PATHS = NO;
				CLANG_CXX_LANGUAGE_STANDARD = "gnu++0x";
				CLANG_CXX_LIBRARY = "libc++";
				CLANG_ENABLE_MODULES = YES;
				CLANG_ENABLE_OBJC_ARC = YES;
				CLANG_WARN_BOOL_CONVERSION = YES;
				CLANG_WARN_CONSTANT_CONVERSION = YES;
				CLANG_WARN_DIRECT_OBJC_ISA_USAGE = YES_ERROR;
				CLANG_WARN_EMPTY_BODY = YES;
				CLANG_WARN_ENUM_CONVERSION = YES;
				CLANG_WARN_INT_CONVERSION = YES;
				CLANG_WARN_OBJC_ROOT_CLASS = YES_ERROR;
				CLANG_WARN_UNREACHABLE_CODE = YES;
				CLANG_WARN__DUPLICATE_METHOD_MATCH = YES;
				"CODE_SIGN_IDENTITY[sdk=iphoneos*]" = "iPhone Developer";
				COPY_PHASE_STRIP = NO;
				ENABLE_STRICT_OBJC_MSGSEND = YES;
				GCC_C_LANGUAGE_STANDARD = gnu99;
				GCC_DYNAMIC_NO_PIC = NO;
				GCC_OPTIMIZATION_LEVEL = 0;
				GCC_PREPROCESSOR_DEFINITIONS = (
					"DEBUG=1",
					"$(inherited)",
				);
				GCC_SYMBOLS_PRIVATE_EXTERN = NO;
				GCC_WARN_64_TO_32_BIT_CONVERSION = YES;
				GCC_WARN_ABOUT_RETURN_TYPE = YES_ERROR;
				GCC_WARN_UNDECLARED_SELECTOR = YES;
				GCC_WARN_UNINITIALIZED_AUTOS = YES_AGGRESSIVE;
				GCC_WARN_UNUSED_FUNCTION = YES;
				GCC_WARN_UNUSED_VARIABLE = YES;
				IPHONEOS_DEPLOYMENT_TARGET = 8.1;
				MTL_ENABLE_DEBUG_INFO = YES;
				ONLY_ACTIVE_ARCH = YES;
				SDKROOT = iphoneos;
			};
			name = Debug;
		};
		A5673FF71A5292BB00E1436E /* Release */ = {
			isa = XCBuildConfiguration;
			buildSettings = {
				ALWAYS_SEARCH_USER_PATHS = NO;
				CLANG_CXX_LANGUAGE_STANDARD = "gnu++0x";
				CLANG_CXX_LIBRARY = "libc++";
				CLANG_ENABLE_MODULES = YES;
				CLANG_ENABLE_OBJC_ARC = YES;
				CLANG_WARN_BOOL_CONVERSION = YES;
				CLANG_WARN_CONSTANT_CONVERSION = YES;
				CLANG_WARN_DIRECT_OBJC_ISA_USAGE = YES_ERROR;
				CLANG_WARN_EMPTY_BODY = YES;
				CLANG_WARN_ENUM_CONVERSION = YES;
				CLANG_WARN_INT_CONVERSION = YES;
				CLANG_WARN_OBJC_ROOT_CLASS = YES_ERROR;
				CLANG_WARN_UNREACHABLE_CODE = YES;
				CLANG_WARN__DUPLICATE_METHOD_MATCH = YES;
				"CODE_SIGN_IDENTITY[sdk=iphoneos*]" = "iPhone Developer";
				COPY_PHASE_STRIP = YES;
				ENABLE_NS_ASSERTIONS = NO;
				ENABLE_STRICT_OBJC_MSGSEND = YES;
				GCC_C_LANGUAGE_STANDARD = gnu99;
				GCC_WARN_64_TO_32_BIT_CONVERSION = YES;
				GCC_WARN_ABOUT_RETURN_TYPE = YES_ERROR;
				GCC_WARN_UNDECLARED_SELECTOR = YES;
				GCC_WARN_UNINITIALIZED_AUTOS = YES_AGGRESSIVE;
				GCC_WARN_UNUSED_FUNCTION = YES;
				GCC_WARN_UNUSED_VARIABLE = YES;
				IPHONEOS_DEPLOYMENT_TARGET = 8.1;
				MTL_ENABLE_DEBUG_INFO = NO;
				SDKROOT = iphoneos;
				VALIDATE_PRODUCT = YES;
			};
			name = Release;
		};
		A5673FF91A5292BB00E1436E /* Debug */ = {
			isa = XCBuildConfiguration;
			buildSettings = {
				ASSETCATALOG_COMPILER_APPICON_NAME = AppIcon;
				INFOPLIST_FILE = Matchismo/Info.plist;
				LD_RUNPATH_SEARCH_PATHS = "$(inherited) @executable_path/Frameworks";
				PRODUCT_NAME = "$(TARGET_NAME)";
			};
			name = Debug;
		};
		A5673FFA1A5292BB00E1436E /* Release */ = {
			isa = XCBuildConfiguration;
			buildSettings = {
				ASSETCATALOG_COMPILER_APPICON_NAME = AppIcon;
				INFOPLIST_FILE = Matchismo/Info.plist;
				LD_RUNPATH_SEARCH_PATHS = "$(inherited) @executable_path/Frameworks";
				PRODUCT_NAME = "$(TARGET_NAME)";
			};
			name = Release;
		};
		A5673FFC1A5292BB00E1436E /* Debug */ = {
			isa = XCBuildConfiguration;
			buildSettings = {
				BUNDLE_LOADER = "$(TEST_HOST)";
				FRAMEWORK_SEARCH_PATHS = (
					"$(SDKROOT)/Developer/Library/Frameworks",
					"$(inherited)",
				);
				GCC_PREPROCESSOR_DEFINITIONS = (
					"DEBUG=1",
					"$(inherited)",
				);
				INFOPLIST_FILE = MatchismoTests/Info.plist;
				LD_RUNPATH_SEARCH_PATHS = "$(inherited) @executable_path/Frameworks @loader_path/Frameworks";
				PRODUCT_NAME = "$(TARGET_NAME)";
				TEST_HOST = "$(BUILT_PRODUCTS_DIR)/Matchismo.app/Matchismo";
			};
			name = Debug;
		};
		A5673FFD1A5292BB00E1436E /* Release */ = {
			isa = XCBuildConfiguration;
			buildSettings = {
				BUNDLE_LOADER = "$(TEST_HOST)";
				FRAMEWORK_SEARCH_PATHS = (
					"$(SDKROOT)/Developer/Library/Frameworks",
					"$(inherited)",
				);
				INFOPLIST_FILE = MatchismoTests/Info.plist;
				LD_RUNPATH_SEARCH_PATHS = "$(inherited) @executable_path/Frameworks @loader_path/Frameworks";
				PRODUCT_NAME = "$(TARGET_NAME)";
				TEST_HOST = "$(BUILT_PRODUCTS_DIR)/Matchismo.app/Matchismo";
			};
			name = Release;
		};
/* End XCBuildConfiguration section */

/* Begin XCConfigurationList section */
		A5673FD01A5292BB00E1436E /* Build configuration list for PBXProject "Matchismo" */ = {
			isa = XCConfigurationList;
			buildConfigurations = (
				A5673FF61A5292BB00E1436E /* Debug */,
				A5673FF71A5292BB00E1436E /* Release */,
			);
			defaultConfigurationIsVisible = 0;
			defaultConfigurationName = Release;
		};
		A5673FF81A5292BB00E1436E /* Build configuration list for PBXNativeTarget "Matchismo" */ = {
			isa = XCConfigurationList;
			buildConfigurations = (
				A5673FF91A5292BB00E1436E /* Debug */,
				A5673FFA1A5292BB00E1436E /* Release */,
			);
			defaultConfigurationIsVisible = 0;
			defaultConfigurationName = Release;
		};
		A5673FFB1A5292BB00E1436E /* Build configuration list for PBXNativeTarget "MatchismoTests" */ = {
			isa = XCConfigurationList;
			buildConfigurations = (
				A5673FFC1A5292BB00E1436E /* Debug */,
				A5673FFD1A5292BB00E1436E /* Release */,
			);
			defaultConfigurationIsVisible = 0;
			defaultConfigurationName = Release;
		};
/* End XCConfigurationList section */
	};
	rootObject = A5673FCD1A5292BB00E1436E /* Project object */;
}
